
Microsoft Visual Studio Solution File, Format Version 12.00
# Visual Studio Version 17
VisualStudioVersion = 17.0.31903.59
MinimumVisualStudioVersion = 10.0.40219.1
Project("{2150E333-8FDC-42A3-9474-1A3956D46DE8}") = "src", "src", "{827E0CD3-B72D-47B6-A68D-7590B98EB39B}"
EndProject
Project("{FAE04EC0-301F-11D3-BF4B-00C04F79EFBC}") = "EzDdd.Common", "src\EzDdd.Common\EzDdd.Common.csproj", "{13A24604-77A1-407C-9200-953E11127F45}"
EndProject
Project("{FAE04EC0-301F-11D3-BF4B-00C04F79EFBC}") = "EzDdd.Entity", "src\EzDdd.Entity\EzDdd.Entity.csproj", "{F4FCD786-F617-4989-8D31-FE8775FFA9A3}"
EndProject
Project("{FAE04EC0-301F-11D3-BF4B-00C04F79EFBC}") = "EzDdd.UseCase", "src\EzDdd.UseCase\EzDdd.UseCase.csproj", "{3231AADA-D17D-4C0E-A23E-E8F8569B7FCA}"
EndProject
Project("{FAE04EC0-301F-11D3-BF4B-00C04F79EFBC}") = "EzDdd.Cqrs", "src\EzDdd.Cqrs\EzDdd.Cqrs.csproj", "{ADE125CC-7341-4275-8A19-864F627469BB}"
EndProject
Project("{FAE04EC0-301F-11D3-BF4B-00C04F79EFBC}") = "EzDdd.Core", "src\EzDdd.Core\EzDdd.Core.csproj", "{BFEB62A9-0D3A-4247-A476-7668B1DC0862}"
EndProject
Project("{2150E333-8FDC-42A3-9474-1A3956D46DE8}") = "tests", "tests", "{0AB3BF05-4346-4AA6-1389-037BE0695223}"
EndProject
Project("{FAE04EC0-301F-11D3-BF4B-00C04F79EFBC}") = "EzDdd.Common.Tests", "tests\EzDdd.Common.Tests\EzDdd.Common.Tests.csproj", "{D9F0DAB3-91BB-4C7E-B5C1-7469B2534153}"
EndProject
Project("{FAE04EC0-301F-11D3-BF4B-00C04F79EFBC}") = "EzDdd.Entity.Tests", "tests\EzDdd.Entity.Tests\EzDdd.Entity.Tests.csproj", "{39F14670-B4EC-4B7B-BC21-F98DCF56674D}"
EndProject
Project("{FAE04EC0-301F-11D3-BF4B-00C04F79EFBC}") = "EzDdd.UseCase.Tests", "tests\EzDdd.UseCase.Tests\EzDdd.UseCase.Tests.csproj", "{DADB8F23-776C-4F98-AF98-688051E6E81D}"
EndProject
Project("{FAE04EC0-301F-11D3-BF4B-00C04F79EFBC}") = "EzDdd.Cqrs.Tests", "tests\EzDdd.Cqrs.Tests\EzDdd.Cqrs.Tests.csproj", "{37A30BE4-581F-42D0-B80C-86733CF579C0}"
EndProject
Global
	GlobalSection(SolutionConfigurationPlatforms) = preSolution
		Debug|Any CPU = Debug|Any CPU
		Debug|x64 = Debug|x64
		Debug|x86 = Debug|x86
		Release|Any CPU = Release|Any CPU
		Release|x64 = Release|x64
		Release|x86 = Release|x86
	EndGlobalSection
	GlobalSection(ProjectConfigurationPlatforms) = postSolution
		{13A24604-77A1-407C-9200-953E11127F45}.Debug|Any CPU.ActiveCfg = Debug|Any CPU
		{13A24604-77A1-407C-9200-953E11127F45}.Debug|Any CPU.Build.0 = Debug|Any CPU
		{13A24604-77A1-407C-9200-953E11127F45}.Debug|x64.ActiveCfg = Debug|Any CPU
		{13A24604-77A1-407C-9200-953E11127F45}.Debug|x64.Build.0 = Debug|Any CPU
		{13A24604-77A1-407C-9200-953E11127F45}.Debug|x86.ActiveCfg = Debug|Any CPU
		{13A24604-77A1-407C-9200-953E11127F45}.Debug|x86.Build.0 = Debug|Any CPU
		{13A24604-77A1-407C-9200-953E11127F45}.Release|Any CPU.ActiveCfg = Release|Any CPU
		{13A24604-77A1-407C-9200-953E11127F45}.Release|Any CPU.Build.0 = Release|Any CPU
		{13A24604-77A1-407C-9200-953E11127F45}.Release|x64.ActiveCfg = Release|Any CPU
		{13A24604-77A1-407C-9200-953E11127F45}.Release|x64.Build.0 = Release|Any CPU
		{13A24604-77A1-407C-9200-953E11127F45}.Release|x86.ActiveCfg = Release|Any CPU
		{13A24604-77A1-407C-9200-953E11127F45}.Release|x86.Build.0 = Release|Any CPU
		{F4FCD786-F617-4989-8D31-FE8775FFA9A3}.Debug|Any CPU.ActiveCfg = Debug|Any CPU
		{F4FCD786-F617-4989-8D31-FE8775FFA9A3}.Debug|Any CPU.Build.0 = Debug|Any CPU
		{F4FCD786-F617-4989-8D31-FE8775FFA9A3}.Debug|x64.ActiveCfg = Debug|Any CPU
		{F4FCD786-F617-4989-8D31-FE8775FFA9A3}.Debug|x64.Build.0 = Debug|Any CPU
		{F4FCD786-F617-4989-8D31-FE8775FFA9A3}.Debug|x86.ActiveCfg = Debug|Any CPU
		{F4FCD786-F617-4989-8D31-FE8775FFA9A3}.Debug|x86.Build.0 = Debug|Any CPU
		{F4FCD786-F617-4989-8D31-FE8775FFA9A3}.Release|Any CPU.ActiveCfg = Release|Any CPU
		{F4FCD786-F617-4989-8D31-FE8775FFA9A3}.Release|Any CPU.Build.0 = Release|Any CPU
		{F4FCD786-F617-4989-8D31-FE8775FFA9A3}.Release|x64.ActiveCfg = Release|Any CPU
		{F4FCD786-F617-4989-8D31-FE8775FFA9A3}.Release|x64.Build.0 = Release|Any CPU
		{F4FCD786-F617-4989-8D31-FE8775FFA9A3}.Release|x86.ActiveCfg = Release|Any CPU
		{F4FCD786-F617-4989-8D31-FE8775FFA9A3}.Release|x86.Build.0 = Release|Any CPU
		{3231AADA-D17D-4C0E-A23E-E8F8569B7FCA}.Debug|Any CPU.ActiveCfg = Debug|Any CPU
		{3231AADA-D17D-4C0E-A23E-E8F8569B7FCA}.Debug|Any CPU.Build.0 = Debug|Any CPU
		{3231AADA-D17D-4C0E-A23E-E8F8569B7FCA}.Debug|x64.ActiveCfg = Debug|Any CPU
		{3231AADA-D17D-4C0E-A23E-E8F8569B7FCA}.Debug|x64.Build.0 = Debug|Any CPU
		{3231AADA-D17D-4C0E-A23E-E8F8569B7FCA}.Debug|x86.ActiveCfg = Debug|Any CPU
		{3231AADA-D17D-4C0E-A23E-E8F8569B7FCA}.Debug|x86.Build.0 = Debug|Any CPU
		{3231AADA-D17D-4C0E-A23E-E8F8569B7FCA}.Release|Any CPU.ActiveCfg = Release|Any CPU
		{3231AADA-D17D-4C0E-A23E-E8F8569B7FCA}.Release|Any CPU.Build.0 = Release|Any CPU
		{3231AADA-D17D-4C0E-A23E-E8F8569B7FCA}.Release|x64.ActiveCfg = Release|Any CPU
		{3231AADA-D17D-4C0E-A23E-E8F8569B7FCA}.Release|x64.Build.0 = Release|Any CPU
		{3231AADA-D17D-4C0E-A23E-E8F8569B7FCA}.Release|x86.ActiveCfg = Release|Any CPU
		{3231AADA-D17D-4C0E-A23E-E8F8569B7FCA}.Release|x86.Build.0 = Release|Any CPU
		{ADE125CC-7341-4275-8A19-864F627469BB}.Debug|Any CPU.ActiveCfg = Debug|Any CPU
		{ADE125CC-7341-4275-8A19-864F627469BB}.Debug|Any CPU.Build.0 = Debug|Any CPU
		{ADE125CC-7341-4275-8A19-864F627469BB}.Debug|x64.ActiveCfg = Debug|Any CPU
		{ADE125CC-7341-4275-8A19-864F627469BB}.Debug|x64.Build.0 = Debug|Any CPU
		{ADE125CC-7341-4275-8A19-864F627469BB}.Debug|x86.ActiveCfg = Debug|Any CPU
		{ADE125CC-7341-4275-8A19-864F627469BB}.Debug|x86.Build.0 = Debug|Any CPU
		{ADE125CC-7341-4275-8A19-864F627469BB}.Release|Any CPU.ActiveCfg = Release|Any CPU
		{ADE125CC-7341-4275-8A19-864F627469BB}.Release|Any CPU.Build.0 = Release|Any CPU
		{ADE125CC-7341-4275-8A19-864F627469BB}.Release|x64.ActiveCfg = Release|Any CPU
		{ADE125CC-7341-4275-8A19-864F627469BB}.Release|x64.Build.0 = Release|Any CPU
		{ADE125CC-7341-4275-8A19-864F627469BB}.Release|x86.ActiveCfg = Release|Any CPU
		{ADE125CC-7341-4275-8A19-864F627469BB}.Release|x86.Build.0 = Release|Any CPU
		{BFEB62A9-0D3A-4247-A476-7668B1DC0862}.Debug|Any CPU.ActiveCfg = Debug|Any CPU
		{BFEB62A9-0D3A-4247-A476-7668B1DC0862}.Debug|Any CPU.Build.0 = Debug|Any CPU
		{BFEB62A9-0D3A-4247-A476-7668B1DC0862}.Debug|x64.ActiveCfg = Debug|Any CPU
		{BFEB62A9-0D3A-4247-A476-7668B1DC0862}.Debug|x64.Build.0 = Debug|Any CPU
		{BFEB62A9-0D3A-4247-A476-7668B1DC0862}.Debug|x86.ActiveCfg = Debug|Any CPU
		{BFEB62A9-0D3A-4247-A476-7668B1DC0862}.Debug|x86.Build.0 = Debug|Any CPU
		{BFEB62A9-0D3A-4247-A476-7668B1DC0862}.Release|Any CPU.ActiveCfg = Release|Any CPU
		{BFEB62A9-0D3A-4247-A476-7668B1DC0862}.Release|Any CPU.Build.0 = Release|Any CPU
		{BFEB62A9-0D3A-4247-A476-7668B1DC0862}.Release|x64.ActiveCfg = Release|Any CPU
		{BFEB62A9-0D3A-4247-A476-7668B1DC0862}.Release|x64.Build.0 = Release|Any CPU
		{BFEB62A9-0D3A-4247-A476-7668B1DC0862}.Release|x86.ActiveCfg = Release|Any CPU
		{BFEB62A9-0D3A-4247-A476-7668B1DC0862}.Release|x86.Build.0 = Release|Any CPU
		{D9F0DAB3-91BB-4C7E-B5C1-7469B2534153}.Debug|Any CPU.ActiveCfg = Debug|Any CPU
		{D9F0DAB3-91BB-4C7E-B5C1-7469B2534153}.Debug|Any CPU.Build.0 = Debug|Any CPU
		{D9F0DAB3-91BB-4C7E-B5C1-7469B2534153}.Debug|x64.ActiveCfg = Debug|Any CPU
		{D9F0DAB3-91BB-4C7E-B5C1-7469B2534153}.Debug|x64.Build.0 = Debug|Any CPU
		{D9F0DAB3-91BB-4C7E-B5C1-7469B2534153}.Debug|x86.ActiveCfg = Debug|Any CPU
		{D9F0DAB3-91BB-4C7E-B5C1-7469B2534153}.Debug|x86.Build.0 = Debug|Any CPU
		{D9F0DAB3-91BB-4C7E-B5C1-7469B2534153}.Release|Any CPU.ActiveCfg = Release|Any CPU
		{D9F0DAB3-91BB-4C7E-B5C1-7469B2534153}.Release|Any CPU.Build.0 = Release|Any CPU
		{D9F0DAB3-91BB-4C7E-B5C1-7469B2534153}.Release|x64.ActiveCfg = Release|Any CPU
		{D9F0DAB3-91BB-4C7E-B5C1-7469B2534153}.Release|x64.Build.0 = Release|Any CPU
		{D9F0DAB3-91BB-4C7E-B5C1-7469B2534153}.Release|x86.ActiveCfg = Release|Any CPU
		{D9F0DAB3-91BB-4C7E-B5C1-7469B2534153}.Release|x86.Build.0 = Release|Any CPU
		{39F14670-B4EC-4B7B-BC21-F98DCF56674D}.Debug|Any CPU.ActiveCfg = Debug|Any CPU
		{39F14670-B4EC-4B7B-BC21-F98DCF56674D}.Debug|Any CPU.Build.0 = Debug|Any CPU
		{39F14670-B4EC-4B7B-BC21-F98DCF56674D}.Debug|x64.ActiveCfg = Debug|Any CPU
		{39F14670-B4EC-4B7B-BC21-F98DCF56674D}.Debug|x64.Build.0 = Debug|Any CPU
		{39F14670-B4EC-4B7B-BC21-F98DCF56674D}.Debug|x86.ActiveCfg = Debug|Any CPU
		{39F14670-B4EC-4B7B-BC21-F98DCF56674D}.Debug|x86.Build.0 = Debug|Any CPU
		{39F14670-B4EC-4B7B-BC21-F98DCF56674D}.Release|Any CPU.ActiveCfg = Release|Any CPU
		{39F14670-B4EC-4B7B-BC21-F98DCF56674D}.Release|Any CPU.Build.0 = Release|Any CPU
		{39F14670-B4EC-4B7B-BC21-F98DCF56674D}.Release|x64.ActiveCfg = Release|Any CPU
		{39F14670-B4EC-4B7B-BC21-F98DCF56674D}.Release|x64.Build.0 = Release|Any CPU
		{39F14670-B4EC-4B7B-BC21-F98DCF56674D}.Release|x86.ActiveCfg = Release|Any CPU
		{39F14670-B4EC-4B7B-BC21-F98DCF56674D}.Release|x86.Build.0 = Release|Any CPU
		{DADB8F23-776C-4F98-AF98-688051E6E81D}.Debug|Any CPU.ActiveCfg = Debug|Any CPU
		{DADB8F23-776C-4F98-AF98-688051E6E81D}.Debug|Any CPU.Build.0 = Debug|Any CPU
		{DADB8F23-776C-4F98-AF98-688051E6E81D}.Debug|x64.ActiveCfg = Debug|Any CPU
		{DADB8F23-776C-4F98-AF98-688051E6E81D}.Debug|x64.Build.0 = Debug|Any CPU
		{DADB8F23-776C-4F98-AF98-688051E6E81D}.Debug|x86.ActiveCfg = Debug|Any CPU
		{DADB8F23-776C-4F98-AF98-688051E6E81D}.Debug|x86.Build.0 = Debug|Any CPU
		{DADB8F23-776C-4F98-AF98-688051E6E81D}.Release|Any CPU.ActiveCfg = Release|Any CPU
		{DADB8F23-776C-4F98-AF98-688051E6E81D}.Release|Any CPU.Build.0 = Release|Any CPU
		{DADB8F23-776C-4F98-AF98-688051E6E81D}.Release|x64.ActiveCfg = Release|Any CPU
		{DADB8F23-776C-4F98-AF98-688051E6E81D}.Release|x64.Build.0 = Release|Any CPU
		{DADB8F23-776C-4F98-AF98-688051E6E81D}.Release|x86.ActiveCfg = Release|Any CPU
		{DADB8F23-776C-4F98-AF98-688051E6E81D}.Release|x86.Build.0 = Release|Any CPU
		{37A30BE4-581F-42D0-B80C-86733CF579C0}.Debug|Any CPU.ActiveCfg = Debug|Any CPU
		{37A30BE4-581F-42D0-B80C-86733CF579C0}.Debug|Any CPU.Build.0 = Debug|Any CPU
		{37A30BE4-581F-42D0-B80C-86733CF579C0}.Debug|x64.ActiveCfg = Debug|Any CPU
		{37A30BE4-581F-42D0-B80C-86733CF579C0}.Debug|x64.Build.0 = Debug|Any CPU
		{37A30BE4-581F-42D0-B80C-86733CF579C0}.Debug|x86.ActiveCfg = Debug|Any CPU
		{37A30BE4-581F-42D0-B80C-86733CF579C0}.Debug|x86.Build.0 = Debug|Any CPU
		{37A30BE4-581F-42D0-B80C-86733CF579C0}.Release|Any CPU.ActiveCfg = Release|Any CPU
		{37A30BE4-581F-42D0-B80C-86733CF579C0}.Release|Any CPU.Build.0 = Release|Any CPU
		{37A30BE4-581F-42D0-B80C-86733CF579C0}.Release|x64.ActiveCfg = Release|Any CPU
		{37A30BE4-581F-42D0-B80C-86733CF579C0}.Release|x64.Build.0 = Release|Any CPU
		{37A30BE4-581F-42D0-B80C-86733CF579C0}.Release|x86.ActiveCfg = Release|Any CPU
		{37A30BE4-581F-42D0-B80C-86733CF579C0}.Release|x86.Build.0 = Release|Any CPU
	EndGlobalSection
	GlobalSection(SolutionProperties) = preSolution
		HideSolutionNode = FALSE
	EndGlobalSection
	GlobalSection(NestedProjects) = preSolution
		{13A24604-77A1-407C-9200-953E11127F45} = {827E0CD3-B72D-47B6-A68D-7590B98EB39B}
		{F4FCD786-F617-4989-8D31-FE8775FFA9A3} = {827E0CD3-B72D-47B6-A68D-7590B98EB39B}
		{3231AADA-D17D-4C0E-A23E-E8F8569B7FCA} = {827E0CD3-B72D-47B6-A68D-7590B98EB39B}
		{ADE125CC-7341-4275-8A19-864F627469BB} = {827E0CD3-B72D-47B6-A68D-7590B98EB39B}
		{BFEB62A9-0D3A-4247-A476-7668B1DC0862} = {827E0CD3-B72D-47B6-A68D-7590B98EB39B}
		{D9F0DAB3-91BB-4C7E-B5C1-7469B2534153} = {0AB3BF05-4346-4AA6-1389-037BE0695223}
		{39F14670-B4EC-4B7B-BC21-F98DCF56674D} = {0AB3BF05-4346-4AA6-1389-037BE0695223}
		{DADB8F23-776C-4F98-AF98-688051E6E81D} = {0AB3BF05-4346-4AA6-1389-037BE0695223}
		{37A30BE4-581F-42D0-B80C-86733CF579C0} = {0AB3BF05-4346-4AA6-1389-037BE0695223}
	EndGlobalSection
EndGlobal
